
Microsoft Visual Studio Solution File, Format Version 12.00
# Visual Studio Version 17
VisualStudioVersion = 17.9.34622.214
MinimumVisualStudioVersion = 10.0.40219.1
Project("{FAE04EC0-301F-11D3-BF4B-00C04F79EFBC}") = "DVD", "DVD\DVD.csproj", "{4BD492CA-A610-4597-8F0C-37558A72680A}"
EndProject
Global
	GlobalSection(SolutionConfigurationPlatforms) = preSolution
		Debug|Any CPU = Debug|Any CPU
		Release|Any CPU = Release|Any CPU
	EndGlobalSection
	GlobalSection(ProjectConfigurationPlatforms) = postSolution
		{4BD492CA-A610-4597-8F0C-37558A72680A}.Debug|Any CPU.ActiveCfg = Debug|Any CPU
		{4BD492CA-A610-4597-8F0C-37558A72680A}.Debug|Any CPU.Build.0 = Debug|Any CPU
		{4BD492CA-A610-4597-8F0C-37558A72680A}.Release|Any CPU.ActiveCfg = Release|Any CPU
		{4BD492CA-A610-4597-8F0C-37558A72680A}.Release|Any CPU.Build.0 = Release|Any CPU
	EndGlobalSection
	GlobalSection(SolutionProperties) = preSolution
		HideSolutionNode = FALSE
	EndGlobalSection
	GlobalSection(ExtensibilityGlobals) = postSolution
		SolutionGuid = {F0F6D7E7-8D29-4DBD-AE93-71FD2ECDB306}
	EndGlobalSection
EndGlobal
